
Microsoft Visual Studio Solution File, Format Version 12.00
# Visual Studio 15
VisualStudioVersion = 15.0.28307.572
MinimumVisualStudioVersion = 10.0.40219.1
Project("{FAE04EC0-301F-11D3-BF4B-00C04F79EFBC}") = "Verify", "Verify\Verify.csproj", "{0540E11F-6A0A-42EA-9B75-176A64077307}"
EndProject
Global
	GlobalSection(SolutionConfigurationPlatforms) = preSolution
		Debug|Any CPU = Debug|Any CPU
		Release|Any CPU = Release|Any CPU
	EndGlobalSection
	GlobalSection(ProjectConfigurationPlatforms) = postSolution
		{0540E11F-6A0A-42EA-9B75-176A64077307}.Debug|Any CPU.ActiveCfg = Debug|Any CPU
		{0540E11F-6A0A-42EA-9B75-176A64077307}.Debug|Any CPU.Build.0 = Debug|Any CPU
		{0540E11F-6A0A-42EA-9B75-176A64077307}.Release|Any CPU.ActiveCfg = Release|Any CPU
		{0540E11F-6A0A-42EA-9B75-176A64077307}.Release|Any CPU.Build.0 = Release|Any CPU
	EndGlobalSection
	GlobalSection(SolutionProperties) = preSolution
		HideSolutionNode = FALSE
	EndGlobalSection
	GlobalSection(ExtensibilityGlobals) = postSolution
		SolutionGuid = {1E987685-341C-45F0-A451-B0B988E3168D}
	EndGlobalSection
EndGlobal
